
Microsoft Visual Studio Solution File, Format Version 12.00
# Visual Studio Version 16
VisualStudioVersion = 16.0.31005.135
MinimumVisualStudioVersion = 10.0.40219.1
Project("{FAE04EC0-301F-11D3-BF4B-00C04F79EFBC}") = "EgzaminAPBD", "EgzaminAPBD\EgzaminAPBD.csproj", "{995CB72F-3649-40E8-9955-D07D1BC2CEC1}"
EndProject
Global
	GlobalSection(SolutionConfigurationPlatforms) = preSolution
		Debug|Any CPU = Debug|Any CPU
		Release|Any CPU = Release|Any CPU
	EndGlobalSection
	GlobalSection(ProjectConfigurationPlatforms) = postSolution
		{995CB72F-3649-40E8-9955-D07D1BC2CEC1}.Debug|Any CPU.ActiveCfg = Debug|Any CPU
		{995CB72F-3649-40E8-9955-D07D1BC2CEC1}.Debug|Any CPU.Build.0 = Debug|Any CPU
		{995CB72F-3649-40E8-9955-D07D1BC2CEC1}.Release|Any CPU.ActiveCfg = Release|Any CPU
		{995CB72F-3649-40E8-9955-D07D1BC2CEC1}.Release|Any CPU.Build.0 = Release|Any CPU
	EndGlobalSection
	GlobalSection(SolutionProperties) = preSolution
		HideSolutionNode = FALSE
	EndGlobalSection
	GlobalSection(ExtensibilityGlobals) = postSolution
		SolutionGuid = {45219000-25B0-403A-884B-537AC09459CE}
	EndGlobalSection
EndGlobal
